
Microsoft Visual Studio Solution File, Format Version 12.00
# Visual Studio 15
VisualStudioVersion = 15.0.28010.2019
MinimumVisualStudioVersion = 10.0.40219.1
Project("{FAE04EC0-301F-11D3-BF4B-00C04F79EFBC}") = "Zegar", "Zegar\Zegar.csproj", "{30FEF7B0-D745-4E20-A87F-536FB9E6FEA7}"
EndProject
Global
	GlobalSection(SolutionConfigurationPlatforms) = preSolution
		Debug|Any CPU = Debug|Any CPU
		Release|Any CPU = Release|Any CPU
	EndGlobalSection
	GlobalSection(ProjectConfigurationPlatforms) = postSolution
		{30FEF7B0-D745-4E20-A87F-536FB9E6FEA7}.Debug|Any CPU.ActiveCfg = Debug|Any CPU
		{30FEF7B0-D745-4E20-A87F-536FB9E6FEA7}.Debug|Any CPU.Build.0 = Debug|Any CPU
		{30FEF7B0-D745-4E20-A87F-536FB9E6FEA7}.Release|Any CPU.ActiveCfg = Release|Any CPU
		{30FEF7B0-D745-4E20-A87F-536FB9E6FEA7}.Release|Any CPU.Build.0 = Release|Any CPU
	EndGlobalSection
	GlobalSection(SolutionProperties) = preSolution
		HideSolutionNode = FALSE
	EndGlobalSection
	GlobalSection(ExtensibilityGlobals) = postSolution
		SolutionGuid = {5ED08BBD-C5B9-464D-BD84-3C3BEAB4340B}
	EndGlobalSection
EndGlobal
